
Microsoft Visual Studio Solution File, Format Version 12.00
# Visual Studio 15
VisualStudioVersion = 15.0.27004.2010
MinimumVisualStudioVersion = 10.0.40219.1
Project("{FAE04EC0-301F-11D3-BF4B-00C04F79EFBC}") = "n-lizaBotVSBot", "n-lizaBotVSBot\n-lizaBotVSBot.csproj", "{D265E44E-DC8D-4498-ABCE-394A56F96ADD}"
EndProject
Global
	GlobalSection(SolutionConfigurationPlatforms) = preSolution
		Debug|Any CPU = Debug|Any CPU
		Release|Any CPU = Release|Any CPU
	EndGlobalSection
	GlobalSection(ProjectConfigurationPlatforms) = postSolution
		{D265E44E-DC8D-4498-ABCE-394A56F96ADD}.Debug|Any CPU.ActiveCfg = Debug|Any CPU
		{D265E44E-DC8D-4498-ABCE-394A56F96ADD}.Debug|Any CPU.Build.0 = Debug|Any CPU
		{D265E44E-DC8D-4498-ABCE-394A56F96ADD}.Release|Any CPU.ActiveCfg = Release|Any CPU
		{D265E44E-DC8D-4498-ABCE-394A56F96ADD}.Release|Any CPU.Build.0 = Release|Any CPU
	EndGlobalSection
	GlobalSection(SolutionProperties) = preSolution
		HideSolutionNode = FALSE
	EndGlobalSection
	GlobalSection(ExtensibilityGlobals) = postSolution
		SolutionGuid = {AF6FADBF-A211-40E3-8627-18E38426CC46}
	EndGlobalSection
EndGlobal
